
Microsoft Visual Studio Solution File, Format Version 12.00
Project("{FAE04EC0-301F-11D3-BF4B-00C04F79EFBC}") = "SilkSchlong", "SilkSchlong\SilkSchlong.csproj", "{24729AE8-F4A4-497E-A8B8-20E07A5A1C4E}"
EndProject
Global
	GlobalSection(SolutionConfigurationPlatforms) = preSolution
		Debug|Any CPU = Debug|Any CPU
		Release|Any CPU = Release|Any CPU
	EndGlobalSection
	GlobalSection(ProjectConfigurationPlatforms) = postSolution
		{24729AE8-F4A4-497E-A8B8-20E07A5A1C4E}.Debug|Any CPU.ActiveCfg = Debug|Any CPU
		{24729AE8-F4A4-497E-A8B8-20E07A5A1C4E}.Debug|Any CPU.Build.0 = Debug|Any CPU
		{24729AE8-F4A4-497E-A8B8-20E07A5A1C4E}.Release|Any CPU.ActiveCfg = Release|Any CPU
		{24729AE8-F4A4-497E-A8B8-20E07A5A1C4E}.Release|Any CPU.Build.0 = Release|Any CPU
	EndGlobalSection
EndGlobal
